
Microsoft Visual Studio Solution File, Format Version 12.00
# Visual Studio Version 16
VisualStudioVersion = 16.0.29102.190
MinimumVisualStudioVersion = 10.0.40219.1
Project("{FAE04EC0-301F-11D3-BF4B-00C04F79EFBC}") = "ASITHmsRpt1GenAcc", "ASITHmsRpt1GenAcc\ASITHmsRpt1GenAcc.csproj", "{5800C170-1BB3-4E3D-9899-486B6917E30B}"
EndProject
Project("{FAE04EC0-301F-11D3-BF4B-00C04F79EFBC}") = "ASITHmsRpt2Inventory", "ASITHmsRpt2Inventory\ASITHmsRpt2Inventory.csproj", "{5F9F2E44-4F7E-453D-B09D-D2AC00CBA3F3}"
EndProject
Project("{FAE04EC0-301F-11D3-BF4B-00C04F79EFBC}") = "ASITHmsRpt3Manpower", "ASITHmsRpt3Manpower\ASITHmsRpt3Manpower.csproj", "{0DA17560-82B2-43C7-B3EE-A00FDE1C9303}"
EndProject
Project("{FAE04EC0-301F-11D3-BF4B-00C04F79EFBC}") = "ASITHmsRpt4Commercial", "ASITHmsRpt4Commercial\ASITHmsRpt4Commercial.csproj", "{FD8A3126-FBFD-4E9E-8D71-B45512F5A433}"
EndProject
Project("{FAE04EC0-301F-11D3-BF4B-00C04F79EFBC}") = "ASITHmsRpt5Diagnostic", "ASITHmsRpt5Diagnostic\ASITHmsRpt5Diagnostic.csproj", "{F2043B3B-CC71-46B6-8399-11609DDB3251}"
EndProject
Project("{FAE04EC0-301F-11D3-BF4B-00C04F79EFBC}") = "ASITHmsRpt6MISReports", "ASITHmsRpt6MISReports\ASITHmsRpt6MISReports.csproj", "{1040E470-C75C-469C-985A-0F69173EC162}"
EndProject
Project("{FAE04EC0-301F-11D3-BF4B-00C04F79EFBC}") = "ASITHmsWpf", "ASITHmsWpf\ASITHmsWpf.csproj", "{C963A5D7-C263-461F-931F-39CE9BB54AC3}"
EndProject
Project("{FAE04EC0-301F-11D3-BF4B-00C04F79EFBC}") = "ASITHmsWpc01", "ASITHmsWpc01\ASITHmsWpc01.csproj", "{4BC055AA-C742-4197-BAB4-7F392C0F62D9}"
EndProject
Project("{FAE04EC0-301F-11D3-BF4B-00C04F79EFBC}") = "ASITHmsWpc00", "ASITHmsWpc00\ASITHmsWpc00.csproj", "{BD74F48E-A625-4C30-9E9F-454BAC2DB463}"
EndProject
Project("{FAE04EC0-301F-11D3-BF4B-00C04F79EFBC}") = "ASITHmsWpc02", "ASITHmsWpc02\ASITHmsWpc02.csproj", "{366EBC60-A3CA-48F3-B6A1-B318D5063D8B}"
EndProject
Project("{FAE04EC0-301F-11D3-BF4B-00C04F79EFBC}") = "ASITHmsWpc03", "ASITHmsWpc03\ASITHmsWpc03.csproj", "{A3508C92-310C-471B-8BC5-08C4F5CD7452}"
EndProject
Project("{FAE04EC0-301F-11D3-BF4B-00C04F79EFBC}") = "ASITHmsWpc04", "ASITHmsWpc04\ASITHmsWpc04.csproj", "{D2EACBAE-594E-42FF-849D-2C40B63E911B}"
EndProject
Project("{FAE04EC0-301F-11D3-BF4B-00C04F79EFBC}") = "ASITHmsWpc05", "ASITHmsWpc05\ASITHmsWpc05.csproj", "{68A3417B-DC4C-4826-84D9-6C81E7E586CC}"
EndProject
Project("{FAE04EC0-301F-11D3-BF4B-00C04F79EFBC}") = "ASITHmsWpc09", "ASITHmsWpc09\ASITHmsWpc09.csproj", "{91D23FDB-9595-4ABF-8235-51904913554F}"
EndProject
Project("{FAE04EC0-301F-11D3-BF4B-00C04F79EFBC}") = "ASITHmsWpc06", "ASITHmsWpc06\ASITHmsWpc06.csproj", "{CCAF6B31-9D1E-4B88-A928-B2BBDFE117F1}"
EndProject
Global
	GlobalSection(SolutionConfigurationPlatforms) = preSolution
		Debug|Any CPU = Debug|Any CPU
		Release|Any CPU = Release|Any CPU
	EndGlobalSection
	GlobalSection(ProjectConfigurationPlatforms) = postSolution
		{5800C170-1BB3-4E3D-9899-486B6917E30B}.Debug|Any CPU.ActiveCfg = Debug|Any CPU
		{5800C170-1BB3-4E3D-9899-486B6917E30B}.Debug|Any CPU.Build.0 = Debug|Any CPU
		{5800C170-1BB3-4E3D-9899-486B6917E30B}.Release|Any CPU.ActiveCfg = Release|Any CPU
		{5800C170-1BB3-4E3D-9899-486B6917E30B}.Release|Any CPU.Build.0 = Release|Any CPU
		{5F9F2E44-4F7E-453D-B09D-D2AC00CBA3F3}.Debug|Any CPU.ActiveCfg = Debug|Any CPU
		{5F9F2E44-4F7E-453D-B09D-D2AC00CBA3F3}.Debug|Any CPU.Build.0 = Debug|Any CPU
		{5F9F2E44-4F7E-453D-B09D-D2AC00CBA3F3}.Release|Any CPU.ActiveCfg = Release|Any CPU
		{5F9F2E44-4F7E-453D-B09D-D2AC00CBA3F3}.Release|Any CPU.Build.0 = Release|Any CPU
		{0DA17560-82B2-43C7-B3EE-A00FDE1C9303}.Debug|Any CPU.ActiveCfg = Debug|Any CPU
		{0DA17560-82B2-43C7-B3EE-A00FDE1C9303}.Debug|Any CPU.Build.0 = Debug|Any CPU
		{0DA17560-82B2-43C7-B3EE-A00FDE1C9303}.Release|Any CPU.ActiveCfg = Release|Any CPU
		{0DA17560-82B2-43C7-B3EE-A00FDE1C9303}.Release|Any CPU.Build.0 = Release|Any CPU
		{FD8A3126-FBFD-4E9E-8D71-B45512F5A433}.Debug|Any CPU.ActiveCfg = Debug|Any CPU
		{FD8A3126-FBFD-4E9E-8D71-B45512F5A433}.Debug|Any CPU.Build.0 = Debug|Any CPU
		{FD8A3126-FBFD-4E9E-8D71-B45512F5A433}.Release|Any CPU.ActiveCfg = Release|Any CPU
		{FD8A3126-FBFD-4E9E-8D71-B45512F5A433}.Release|Any CPU.Build.0 = Release|Any CPU
		{F2043B3B-CC71-46B6-8399-11609DDB3251}.Debug|Any CPU.ActiveCfg = Debug|Any CPU
		{F2043B3B-CC71-46B6-8399-11609DDB3251}.Debug|Any CPU.Build.0 = Debug|Any CPU
		{F2043B3B-CC71-46B6-8399-11609DDB3251}.Release|Any CPU.ActiveCfg = Release|Any CPU
		{F2043B3B-CC71-46B6-8399-11609DDB3251}.Release|Any CPU.Build.0 = Release|Any CPU
		{1040E470-C75C-469C-985A-0F69173EC162}.Debug|Any CPU.ActiveCfg = Debug|Any CPU
		{1040E470-C75C-469C-985A-0F69173EC162}.Debug|Any CPU.Build.0 = Debug|Any CPU
		{1040E470-C75C-469C-985A-0F69173EC162}.Release|Any CPU.ActiveCfg = Release|Any CPU
		{1040E470-C75C-469C-985A-0F69173EC162}.Release|Any CPU.Build.0 = Release|Any CPU
		{C963A5D7-C263-461F-931F-39CE9BB54AC3}.Debug|Any CPU.ActiveCfg = Debug|Any CPU
		{C963A5D7-C263-461F-931F-39CE9BB54AC3}.Debug|Any CPU.Build.0 = Debug|Any CPU
		{C963A5D7-C263-461F-931F-39CE9BB54AC3}.Release|Any CPU.ActiveCfg = Release|Any CPU
		{C963A5D7-C263-461F-931F-39CE9BB54AC3}.Release|Any CPU.Build.0 = Release|Any CPU
		{4BC055AA-C742-4197-BAB4-7F392C0F62D9}.Debug|Any CPU.ActiveCfg = Debug|Any CPU
		{4BC055AA-C742-4197-BAB4-7F392C0F62D9}.Debug|Any CPU.Build.0 = Debug|Any CPU
		{4BC055AA-C742-4197-BAB4-7F392C0F62D9}.Release|Any CPU.ActiveCfg = Release|Any CPU
		{4BC055AA-C742-4197-BAB4-7F392C0F62D9}.Release|Any CPU.Build.0 = Release|Any CPU
		{BD74F48E-A625-4C30-9E9F-454BAC2DB463}.Debug|Any CPU.ActiveCfg = Debug|Any CPU
		{BD74F48E-A625-4C30-9E9F-454BAC2DB463}.Debug|Any CPU.Build.0 = Debug|Any CPU
		{BD74F48E-A625-4C30-9E9F-454BAC2DB463}.Release|Any CPU.ActiveCfg = Release|Any CPU
		{BD74F48E-A625-4C30-9E9F-454BAC2DB463}.Release|Any CPU.Build.0 = Release|Any CPU
		{366EBC60-A3CA-48F3-B6A1-B318D5063D8B}.Debug|Any CPU.ActiveCfg = Debug|Any CPU
		{366EBC60-A3CA-48F3-B6A1-B318D5063D8B}.Debug|Any CPU.Build.0 = Debug|Any CPU
		{366EBC60-A3CA-48F3-B6A1-B318D5063D8B}.Release|Any CPU.ActiveCfg = Release|Any CPU
		{366EBC60-A3CA-48F3-B6A1-B318D5063D8B}.Release|Any CPU.Build.0 = Release|Any CPU
		{A3508C92-310C-471B-8BC5-08C4F5CD7452}.Debug|Any CPU.ActiveCfg = Debug|Any CPU
		{A3508C92-310C-471B-8BC5-08C4F5CD7452}.Debug|Any CPU.Build.0 = Debug|Any CPU
		{A3508C92-310C-471B-8BC5-08C4F5CD7452}.Release|Any CPU.ActiveCfg = Release|Any CPU
		{A3508C92-310C-471B-8BC5-08C4F5CD7452}.Release|Any CPU.Build.0 = Release|Any CPU
		{D2EACBAE-594E-42FF-849D-2C40B63E911B}.Debug|Any CPU.ActiveCfg = Debug|Any CPU
		{D2EACBAE-594E-42FF-849D-2C40B63E911B}.Debug|Any CPU.Build.0 = Debug|Any CPU
		{D2EACBAE-594E-42FF-849D-2C40B63E911B}.Release|Any CPU.ActiveCfg = Release|Any CPU
		{D2EACBAE-594E-42FF-849D-2C40B63E911B}.Release|Any CPU.Build.0 = Release|Any CPU
		{68A3417B-DC4C-4826-84D9-6C81E7E586CC}.Debug|Any CPU.ActiveCfg = Debug|Any CPU
		{68A3417B-DC4C-4826-84D9-6C81E7E586CC}.Debug|Any CPU.Build.0 = Debug|Any CPU
		{68A3417B-DC4C-4826-84D9-6C81E7E586CC}.Release|Any CPU.ActiveCfg = Release|Any CPU
		{68A3417B-DC4C-4826-84D9-6C81E7E586CC}.Release|Any CPU.Build.0 = Release|Any CPU
		{91D23FDB-9595-4ABF-8235-51904913554F}.Debug|Any CPU.ActiveCfg = Debug|Any CPU
		{91D23FDB-9595-4ABF-8235-51904913554F}.Debug|Any CPU.Build.0 = Debug|Any CPU
		{91D23FDB-9595-4ABF-8235-51904913554F}.Release|Any CPU.ActiveCfg = Release|Any CPU
		{91D23FDB-9595-4ABF-8235-51904913554F}.Release|Any CPU.Build.0 = Release|Any CPU
		{CCAF6B31-9D1E-4B88-A928-B2BBDFE117F1}.Debug|Any CPU.ActiveCfg = Debug|Any CPU
		{CCAF6B31-9D1E-4B88-A928-B2BBDFE117F1}.Debug|Any CPU.Build.0 = Debug|Any CPU
		{CCAF6B31-9D1E-4B88-A928-B2BBDFE117F1}.Release|Any CPU.ActiveCfg = Release|Any CPU
		{CCAF6B31-9D1E-4B88-A928-B2BBDFE117F1}.Release|Any CPU.Build.0 = Release|Any CPU
	EndGlobalSection
	GlobalSection(SolutionProperties) = preSolution
		HideSolutionNode = FALSE
	EndGlobalSection
	GlobalSection(ExtensibilityGlobals) = postSolution
		SolutionGuid = {22B0DCA6-0A1E-48ED-AACE-30D091D682C6}
	EndGlobalSection
EndGlobal
